{
    "name": "mirror-wiki",
    "version": "0.0.1",
    "lockfileVersion": 3,
    "requires": true,
    "packages": {
        "": {
            "name": "mirror-wiki",
            "version": "0.0.1",
            "dependencies": {
                "diff-match-patch-es": "^1.0.1",
                "prettier": "^3.8.3"
            }
        },
        "node_modules/diff-match-patch-es": {
            "version": "1.0.1",
            "resolved": "https://registry.npmjs.org/diff-match-patch-es/-/diff-match-patch-es-1.0.1.tgz",
            "integrity": "sha512-KhSofrZDERg/NE6Nd+TK53knp2qz0o2Ix8rhkXd3Chfm7Wlo58Eq/juNmkyS6bS+3xS26L3Pstz3BdY/q+e9UQ==",
            "license": "Apache-2.0",
            "funding": {
                "url": "https://github.com/sponsors/antfu"
            }
        },
        "node_modules/prettier": {
            "version": "3.8.3",
            "resolved": "https://registry.npmjs.org/prettier/-/prettier-3.8.3.tgz",
            "integrity": "sha512-7igPTM53cGHMW8xWuVTydi2KO233VFiTNyF5hLJqpilHfmn8C8gPf+PS7dUT64YcXFbiMGZxS9pCSxL/Dxm/Jw==",
            "license": "MIT",
            "bin": {
                "prettier": "bin/prettier.cjs"
            },
            "engines": {
                "node": ">=14"
            },
            "funding": {
                "url": "https://github.com/prettier/prettier?sponsor=1"
            }
        }
    }
}
